// !$*UTF8*$!
{
	archiveVersion = 1;
	classes = {
	};
	objectVersion = 46;
	objects = {

/* Begin PBXBuildFile section */
		AAA3EDDC19481E0500A780A4 /* Foundation.framework in Frameworks */ = {isa = PBXBuildFile; fileRef = AAA3EDDB19481E0500A780A4 /* Foundation.framework */; };
		AAA3EDDE19481E0500A780A4 /* CoreGraphics.framework in Frameworks */ = {isa = PBXBuildFile; fileRef = AAA3EDDD19481E0500A780A4 /* CoreGraphics.framework */; };
		AAA3EDE019481E0500A780A4 /* UIKit.framework in Frameworks */ = {isa = PBXBuildFile; fileRef = AAA3EDDF19481E0500A780A4 /* UIKit.framework */; };
		AAA3EDE619481E0500A780A4 /* InfoPlist.strings in Resources */ = {isa = PBXBuildFile; fileRef = AAA3EDE419481E0500A780A4 /* InfoPlist.strings */; };
		AAA3EDE819481E0500A780A4 /* main.m in Sources */ = {isa = PBXBuildFile; fileRef = AAA3EDE719481E0500A780A4 /* main.m */; };
		AAA3EDEC19481E0500A780A4 /* AppDelegate.m in Sources */ = {isa = PBXBuildFile; fileRef = AAA3EDEB19481E0500A780A4 /* AppDelegate.m */; };
		AAA3EDEF19481E0500A780A4 /* Main_iPhone.storyboard in Resources */ = {isa = PBXBuildFile; fileRef = AAA3EDED19481E0500A780A4 /* Main_iPhone.storyboard */; };
		AAA3EDF219481E0500A780A4 /* Main_iPad.storyboard in Resources */ = {isa = PBXBuildFile; fileRef = AAA3EDF019481E0500A780A4 /* Main_iPad.storyboard */; };
		AAA3EDF519481E0500A780A4 /* ViewController.m in Sources */ = {isa = PBXBuildFile; fileRef = AAA3EDF419481E0500A780A4 /* ViewController.m */; };
		AAA3EDF719481E0500A780A4 /* Images.xcassets in Resources */ = {isa = PBXBuildFile; fileRef = AAA3EDF619481E0500A780A4 /* Images.xcassets */; };
		AAA3EDFE19481E0500A780A4 /* XCTest.framework in Frameworks */ = {isa = PBXBuildFile; fileRef = AAA3EDFD19481E0500A780A4 /* XCTest.framework */; };
		AAA3EDFF19481E0500A780A4 /* Foundation.framework in Frameworks */ = {isa = PBXBuildFile; fileRef = AAA3EDDB19481E0500A780A4 /* Foundation.framework */; };
		AAA3EE0019481E0500A780A4 /* UIKit.framework in Frameworks */ = {isa = PBXBuildFile; fileRef = AAA3EDDF19481E0500A780A4 /* UIKit.framework */; };
		AAA3EE0819481E0500A780A4 /* InfoPlist.strings in Resources */ = {isa = PBXBuildFile; fileRef = AAA3EE0619481E0500A780A4 /* InfoPlist.strings */; };
		AAA3EE0A19481E0500A780A4 /* Final_ProjectTests.m in Sources */ = {isa = PBXBuildFile; fileRef = AAA3EE0919481E0500A780A4 /* Final_ProjectTests.m */; };
/* End PBXBuildFile section */

/* Begin PBXContainerItemProxy section */
		AAA3EE0119481E0500A780A4 /* PBXContainerItemProxy */ = {
			isa = PBXContainerItemProxy;
			containerPortal = AAA3EDD019481E0500A780A4 /* Project object */;
			proxyType = 1;
			remoteGlobalIDString = AAA3EDD719481E0500A780A4;
			remoteInfo = "Final Project";
		};
/* End PBXContainerItemProxy section */

/* Begin PBXFileReference section */
		AAA3EDD819481E0500A780A4 /* Final Project.app */ = {isa = PBXFileReference; explicitFileType = wrapper.application; includeInIndex = 0; path = "Final Project.app"; sourceTree = BUILT_PRODUCTS_DIR; };
		AAA3EDDB19481E0500A780A4 /* Foundation.framework */ = {isa = PBXFileReference; lastKnownFileType = wrapper.framework; name = Foundation.framework; path = System/Library/Frameworks/Foundation.framework; sourceTree = SDKROOT; };
		AAA3EDDD19481E0500A780A4 /* CoreGraphics.framework */ = {isa = PBXFileReference; lastKnownFileType = wrapper.framework; name = CoreGraphics.framework; path = System/Library/Frameworks/CoreGraphics.framework; sourceTree = SDKROOT; };
		AAA3EDDF19481E0500A780A4 /* UIKit.framework */ = {isa = PBXFileReference; lastKnownFileType = wrapper.framework; name = UIKit.framework; path = System/Library/Frameworks/UIKit.framework; sourceTree = SDKROOT; };
		AAA3EDE319481E0500A780A4 /* Final Project-Info.plist */ = {isa = PBXFileReference; lastKnownFileType = text.plist.xml; path = "Final Project-Info.plist"; sourceTree = "<group>"; };
		AAA3EDE519481E0500A780A4 /* en */ = {isa = PBXFileReference; lastKnownFileType = text.plist.strings; name = en; path = en.lproj/InfoPlist.strings; sourceTree = "<group>"; };
		AAA3EDE719481E0500A780A4 /* main.m */ = {isa = PBXFileReference; lastKnownFileType = sourcecode.c.objc; path = main.m; sourceTree = "<group>"; };
		AAA3EDE919481E0500A780A4 /* Final Project-Prefix.pch */ = {isa = PBXFileReference; lastKnownFileType = sourcecode.c.h; path = "Final Project-Prefix.pch"; sourceTree = "<group>"; };
		AAA3EDEA19481E0500A780A4 /* AppDelegate.h */ = {isa = PBXFileReference; lastKnownFileType = sourcecode.c.h; path = AppDelegate.h; sourceTree = "<group>"; };
		AAA3EDEB19481E0500A780A4 /* AppDelegate.m */ = {isa = PBXFileReference; lastKnownFileType = sourcecode.c.objc; path = AppDelegate.m; sourceTree = "<group>"; };
		AAA3EDEE19481E0500A780A4 /* Base */ = {isa = PBXFileReference; lastKnownFileType = file.storyboard; name = Base; path = Base.lproj/Main_iPhone.storyboard; sourceTree = "<group>"; };
		AAA3EDF119481E0500A780A4 /* Base */ = {isa = PBXFileReference; lastKnownFileType = file.storyboard; name = Base; path = Base.lproj/Main_iPad.storyboard; sourceTree = "<group>"; };
		AAA3EDF319481E0500A780A4 /* ViewController.h */ = {isa = PBXFileReference; lastKnownFileType = sourcecode.c.h; path = ViewController.h; sourceTree = "<group>"; };
		AAA3EDF419481E0500A780A4 /* ViewController.m */ = {isa = PBXFileReference; lastKnownFileType = sourcecode.c.objc; path = ViewController.m; sourceTree = "<group>"; };
		AAA3EDF619481E0500A780A4 /* Images.xcassets */ = {isa = PBXFileReference; lastKnownFileType = folder.assetcatalog; path = Images.xcassets; sourceTree = "<group>"; };
		AAA3EDFC19481E0500A780A4 /* Final ProjectTests.xctest */ = {isa = PBXFileReference; explicitFileType = wrapper.cfbundle; includeInIndex = 0; path = "Final ProjectTests.xctest"; sourceTree = BUILT_PRODUCTS_DIR; };
		AAA3EDFD19481E0500A780A4 /* XCTest.framework */ = {isa = PBXFileReference; lastKnownFileType = wrapper.framework; name = XCTest.framework; path = Library/Frameworks/XCTest.framework; sourceTree = DEVELOPER_DIR; };
		AAA3EE0519481E0500A780A4 /* Final ProjectTests-Info.plist */ = {isa = PBXFileReference; lastKnownFileType = text.plist.xml; path = "Final ProjectTests-Info.plist"; sourceTree = "<group>"; };
		AAA3EE0719481E0500A780A4 /* en */ = {isa = PBXFileReference; lastKnownFileType = text.plist.strings; name = en; path = en.lproj/InfoPlist.strings; sourceTree = "<group>"; };
		AAA3EE0919481E0500A780A4 /* Final_ProjectTests.m */ = {isa = PBXFileReference; lastKnownFileType = sourcecode.c.objc; path = Final_ProjectTests.m; sourceTree = "<group>"; };
/* End PBXFileReference section */

/* Begin PBXFrameworksBuildPhase section */
		AAA3EDD519481E0500A780A4 /* Frameworks */ = {
			isa = PBXFrameworksBuildPhase;
			buildActionMask = 2147483647;
			files = (
				AAA3EDDE19481E0500A780A4 /* CoreGraphics.framework in Frameworks */,
				AAA3EDE019481E0500A780A4 /* UIKit.framework in Frameworks */,
				AAA3EDDC19481E0500A780A4 /* Foundation.framework in Frameworks */,
			);
			runOnlyForDeploymentPostprocessing = 0;
		};
		AAA3EDF919481E0500A780A4 /* Frameworks */ = {
			isa = PBXFrameworksBuildPhase;
			buildActionMask = 2147483647;
			files = (
				AAA3EDFE19481E0500A780A4 /* XCTest.framework in Frameworks */,
				AAA3EE0019481E0500A780A4 /* UIKit.framework in Frameworks */,
				AAA3EDFF19481E0500A780A4 /* Foundation.framework in Frameworks */,
			);
			runOnlyForDeploymentPostprocessing = 0;
		};
/* End PBXFrameworksBuildPhase section */

/* Begin PBXGroup section */
		AAA3EDCF19481E0500A780A4 = {
			isa = PBXGroup;
			children = (
				AAA3EDE119481E0500A780A4 /* Final Project */,
				AAA3EE0319481E0500A780A4 /* Final ProjectTests */,
				AAA3EDDA19481E0500A780A4 /* Frameworks */,
				AAA3EDD919481E0500A780A4 /* Products */,
			);
			sourceTree = "<group>";
		};
		AAA3EDD919481E0500A780A4 /* Products */ = {
			isa = PBXGroup;
			children = (
				AAA3EDD819481E0500A780A4 /* Final Project.app */,
				AAA3EDFC19481E0500A780A4 /* Final ProjectTests.xctest */,
			);
			name = Products;
			sourceTree = "<group>";
		};
		AAA3EDDA19481E0500A780A4 /* Frameworks */ = {
			isa = PBXGroup;
			children = (
				AAA3EDDB19481E0500A780A4 /* Foundation.framework */,
				AAA3EDDD19481E0500A780A4 /* CoreGraphics.framework */,
				AAA3EDDF19481E0500A780A4 /* UIKit.framework */,
				AAA3EDFD19481E0500A780A4 /* XCTest.framework */,
			);
			name = Frameworks;
			sourceTree = "<group>";
		};
		AAA3EDE119481E0500A780A4 /* Final Project */ = {
			isa = PBXGroup;
			children = (
				AAA3EDEA19481E0500A780A4 /* AppDelegate.h */,
				AAA3EDEB19481E0500A780A4 /* AppDelegate.m */,
				AAA3EDED19481E0500A780A4 /* Main_iPhone.storyboard */,
				AAA3EDF019481E0500A780A4 /* Main_iPad.storyboard */,
				AAA3EDF319481E0500A780A4 /* ViewController.h */,
				AAA3EDF419481E0500A780A4 /* ViewController.m */,
				AAA3EDF619481E0500A780A4 /* Images.xcassets */,
				AAA3EDE219481E0500A780A4 /* Supporting Files */,
			);
			path = "Final Project";
			sourceTree = "<group>";
		};
		AAA3EDE219481E0500A780A4 /* Supporting Files */ = {
			isa = PBXGroup;
			children = (
				AAA3EDE319481E0500A780A4 /* Final Project-Info.plist */,
				AAA3EDE419481E0500A780A4 /* InfoPlist.strings */,
				AAA3EDE719481E0500A780A4 /* main.m */,
				AAA3EDE919481E0500A780A4 /* Final Project-Prefix.pch */,
			);
			name = "Supporting Files";
			sourceTree = "<group>";
		};
		AAA3EE0319481E0500A780A4 /* Final ProjectTests */ = {
			isa = PBXGroup;
			children = (
				AAA3EE0919481E0500A780A4 /* Final_ProjectTests.m */,
				AAA3EE0419481E0500A780A4 /* Supporting Files */,
			);
			path = "Final ProjectTests";
			sourceTree = "<group>";
		};
		AAA3EE0419481E0500A780A4 /* Supporting Files */ = {
			isa = PBXGroup;
			children = (
				AAA3EE0519481E0500A780A4 /* Final ProjectTests-Info.plist */,
				AAA3EE0619481E0500A780A4 /* InfoPlist.strings */,
			);
			name = "Supporting Files";
			sourceTree = "<group>";
		};
/* End PBXGroup section */

/* Begin PBXNativeTarget section */
		AAA3EDD719481E0500A780A4 /* Final Project */ = {
			isa = PBXNativeTarget;
			buildConfigurationList = AAA3EE0D19481E0500A780A4 /* Build configuration list for PBXNativeTarget "Final Project" */;
			buildPhases = (
				AAA3EDD419481E0500A780A4 /* Sources */,
				AAA3EDD519481E0500A780A4 /* Frameworks */,
				AAA3EDD619481E0500A780A4 /* Resources */,
			);
			buildRules = (
			);
			dependencies = (
			);
			name = "Final Project";
			productName = "Final Project";
			productReference = AAA3EDD819481E0500A780A4 /* Final Project.app */;
			productType = "com.apple.product-type.application";
		};
		AAA3EDFB19481E0500A780A4 /* Final ProjectTests */ = {
			isa = PBXNativeTarget;
			buildConfigurationList = AAA3EE1019481E0500A780A4 /* Build configuration list for PBXNativeTarget "Final ProjectTests" */;
			buildPhases = (
				AAA3EDF819481E0500A780A4 /* Sources */,
				AAA3EDF919481E0500A780A4 /* Frameworks */,
				AAA3EDFA19481E0500A780A4 /* Resources */,
			);
			buildRules = (
			);
			dependencies = (
				AAA3EE0219481E0500A780A4 /* PBXTargetDependency */,
			);
			name = "Final ProjectTests";
			productName = "Final ProjectTests";
			productReference = AAA3EDFC19481E0500A780A4 /* Final ProjectTests.xctest */;
			productType = "com.apple.product-type.bundle.unit-test";
		};
/* End PBXNativeTarget section */

/* Begin PBXProject section */
		AAA3EDD019481E0500A780A4 /* Project object */ = {
			isa = PBXProject;
			attributes = {
				LastUpgradeCheck = 0510;
				ORGANIZATIONNAME = "___FULLUSERNAME___";
				TargetAttributes = {
					AAA3EDFB19481E0500A780A4 = {
						TestTargetID = AAA3EDD719481E0500A780A4;
					};
				};
			};
			buildConfigurationList = AAA3EDD319481E0500A780A4 /* Build configuration list for PBXProject "Final Project" */;
			compatibilityVersion = "Xcode 3.2";
			developmentRegion = English;
			hasScannedForEncodings = 0;
			knownRegions = (
				en,
				Base,
			);
			mainGroup = AAA3EDCF19481E0500A780A4;
			productRefGroup = AAA3EDD919481E0500A780A4 /* Products */;
			projectDirPath = "";
			projectRoot = "";
			targets = (
				AAA3EDD719481E0500A780A4 /* Final Project */,
				AAA3EDFB19481E0500A780A4 /* Final ProjectTests */,
			);
		};
/* End PBXProject section */

/* Begin PBXResourcesBuildPhase section */
		AAA3EDD619481E0500A780A4 /* Resources */ = {
			isa = PBXResourcesBuildPhase;
			buildActionMask = 2147483647;
			files = (
				AAA3EDF219481E0500A780A4 /* Main_iPad.storyboard in Resources */,
				AAA3EDF719481E0500A780A4 /* Images.xcassets in Resources */,
				AAA3EDEF19481E0500A780A4 /* Main_iPhone.storyboard in Resources */,
				AAA3EDE619481E0500A780A4 /* InfoPlist.strings in Resources */,
			);
			runOnlyForDeploymentPostprocessing = 0;
		};
		AAA3EDFA19481E0500A780A4 /* Resources */ = {
			isa = PBXResourcesBuildPhase;
			buildActionMask = 2147483647;
			files = (
				AAA3EE0819481E0500A780A4 /* InfoPlist.strings in Resources */,
			);
			runOnlyForDeploymentPostprocessing = 0;
		};
/* End PBXResourcesBuildPhase section */

/* Begin PBXSourcesBuildPhase section */
		AAA3EDD419481E0500A780A4 /* Sources */ = {
			isa = PBXSourcesBuildPhase;
			buildActionMask = 2147483647;
			files = (
				AAA3EDF519481E0500A780A4 /* ViewController.m in Sources */,
				AAA3EDEC19481E0500A780A4 /* AppDelegate.m in Sources */,
				AAA3EDE819481E0500A780A4 /* main.m in Sources */,
			);
			runOnlyForDeploymentPostprocessing = 0;
		};
		AAA3EDF819481E0500A780A4 /* Sources */ = {
			isa = PBXSourcesBuildPhase;
			buildActionMask = 2147483647;
			files = (
				AAA3EE0A19481E0500A780A4 /* Final_ProjectTests.m in Sources */,
			);
			runOnlyForDeploymentPostprocessing = 0;
		};
/* End PBXSourcesBuildPhase section */

/* Begin PBXTargetDependency section */
		AAA3EE0219481E0500A780A4 /* PBXTargetDependency */ = {
			isa = PBXTargetDependency;
			target = AAA3EDD719481E0500A780A4 /* Final Project */;
			targetProxy = AAA3EE0119481E0500A780A4 /* PBXContainerItemProxy */;
		};
/* End PBXTargetDependency section */

/* Begin PBXVariantGroup section */
		AAA3EDE419481E0500A780A4 /* InfoPlist.strings */ = {
			isa = PBXVariantGroup;
			children = (
				AAA3EDE519481E0500A780A4 /* en */,
			);
			name = InfoPlist.strings;
			sourceTree = "<group>";
		};
		AAA3EDED19481E0500A780A4 /* Main_iPhone.storyboard */ = {
			isa = PBXVariantGroup;
			children = (
				AAA3EDEE19481E0500A780A4 /* Base */,
			);
			name = Main_iPhone.storyboard;
			sourceTree = "<group>";
		};
		AAA3EDF019481E0500A780A4 /* Main_iPad.storyboard */ = {
			isa = PBXVariantGroup;
			children = (
				AAA3EDF119481E0500A780A4 /* Base */,
			);
			name = Main_iPad.storyboard;
			sourceTree = "<group>";
		};
		AAA3EE0619481E0500A780A4 /* InfoPlist.strings */ = {
			isa = PBXVariantGroup;
			children = (
				AAA3EE0719481E0500A780A4 /* en */,
			);
			name = InfoPlist.strings;
			sourceTree = "<group>";
		};
/* End PBXVariantGroup section */

/* Begin XCBuildConfiguration section */
		AAA3EE0B19481E0500A780A4 /* Debug */ = {
			isa = XCBuildConfiguration;
			buildSettings = {
				ALWAYS_SEARCH_USER_PATHS = NO;
				CLANG_CXX_LANGUAGE_STANDARD = "gnu++0x";
				CLANG_CXX_LIBRARY = "libc++";
				CLANG_ENABLE_MODULES = YES;
				CLANG_ENABLE_OBJC_ARC = YES;
				CLANG_WARN_BOOL_CONVERSION = YES;
				CLANG_WARN_CONSTANT_CONVERSION = YES;
				CLANG_WARN_DIRECT_OBJC_ISA_USAGE = YES_ERROR;
				CLANG_WARN_EMPTY_BODY = YES;
				CLANG_WARN_ENUM_CONVERSION = YES;
				CLANG_WARN_INT_CONVERSION = YES;
				CLANG_WARN_OBJC_ROOT_CLASS = YES_ERROR;
				CLANG_WARN__DUPLICATE_METHOD_MATCH = YES;
				"CODE_SIGN_IDENTITY[sdk=iphoneos*]" = "iPhone Developer";
				COPY_PHASE_STRIP = NO;
				GCC_C_LANGUAGE_STANDARD = gnu99;
				GCC_DYNAMIC_NO_PIC = NO;
				GCC_OPTIMIZATION_LEVEL = 0;
				GCC_PREPROCESSOR_DEFINITIONS = (
					"DEBUG=1",
					"$(inherited)",
				);
				GCC_SYMBOLS_PRIVATE_EXTERN = NO;
				GCC_WARN_64_TO_32_BIT_CONVERSION = YES;
				GCC_WARN_ABOUT_RETURN_TYPE = YES_ERROR;
				GCC_WARN_UNDECLARED_SELECTOR = YES;
				GCC_WARN_UNINITIALIZED_AUTOS = YES_AGGRESSIVE;
				GCC_WARN_UNUSED_FUNCTION = YES;
				GCC_WARN_UNUSED_VARIABLE = YES;
				IPHONEOS_DEPLOYMENT_TARGET = 7.1;
				ONLY_ACTIVE_ARCH = YES;
				SDKROOT = iphoneos;
				TARGETED_DEVICE_FAMILY = "1,2";
			};
			name = Debug;
		};
		AAA3EE0C19481E0500A780A4 /* Release */ = {
			isa = XCBuildConfiguration;
			buildSettings = {
				ALWAYS_SEARCH_USER_PATHS = NO;
				CLANG_CXX_LANGUAGE_STANDARD = "gnu++0x";
				CLANG_CXX_LIBRARY = "libc++";
				CLANG_ENABLE_MODULES = YES;
				CLANG_ENABLE_OBJC_ARC = YES;
				CLANG_WARN_BOOL_CONVERSION = YES;
				CLANG_WARN_CONSTANT_CONVERSION = YES;
				CLANG_WARN_DIRECT_OBJC_ISA_USAGE = YES_ERROR;
				CLANG_WARN_EMPTY_BODY = YES;
				CLANG_WARN_ENUM_CONVERSION = YES;
				CLANG_WARN_INT_CONVERSION = YES;
				CLANG_WARN_OBJC_ROOT_CLASS = YES_ERROR;
				CLANG_WARN__DUPLICATE_METHOD_MATCH = YES;
				"CODE_SIGN_IDENTITY[sdk=iphoneos*]" = "iPhone Developer";
				COPY_PHASE_STRIP = YES;
				ENABLE_NS_ASSERTIONS = NO;
				GCC_C_LANGUAGE_STANDARD = gnu99;
				GCC_WARN_64_TO_32_BIT_CONVERSION = YES;
				GCC_WARN_ABOUT_RETURN_TYPE = YES_ERROR;
				GCC_WARN_UNDECLARED_SELECTOR = YES;
				GCC_WARN_UNINITIALIZED_AUTOS = YES_AGGRESSIVE;
				GCC_WARN_UNUSED_FUNCTION = YES;
				GCC_WARN_UNUSED_VARIABLE = YES;
				IPHONEOS_DEPLOYMENT_TARGET = 7.1;
				SDKROOT = iphoneos;
				TARGETED_DEVICE_FAMILY = "1,2";
				VALIDATE_PRODUCT = YES;
			};
			name = Release;
		};
		AAA3EE0E19481E0500A780A4 /* Debug */ = {
			isa = XCBuildConfiguration;
			buildSettings = {
				ASSETCATALOG_COMPILER_APPICON_NAME = AppIcon;
				ASSETCATALOG_COMPILER_LAUNCHIMAGE_NAME = LaunchImage;
				GCC_PRECOMPILE_PREFIX_HEADER = YES;
				GCC_PREFIX_HEADER = "Final Project/Final Project-Prefix.pch";
				INFOPLIST_FILE = "Final Project/Final Project-Info.plist";
				PRODUCT_NAME = "$(TARGET_NAME)";
				WRAPPER_EXTENSION = app;
			};
			name = Debug;
		};
		AAA3EE0F19481E0500A780A4 /* Release */ = {
			isa = XCBuildConfiguration;
			buildSettings = {
				ASSETCATALOG_COMPILER_APPICON_NAME = AppIcon;
				ASSETCATALOG_COMPILER_LAUNCHIMAGE_NAME = LaunchImage;
				GCC_PRECOMPILE_PREFIX_HEADER = YES;
				GCC_PREFIX_HEADER = "Final Project/Final Project-Prefix.pch";
				INFOPLIST_FILE = "Final Project/Final Project-Info.plist";
				PRODUCT_NAME = "$(TARGET_NAME)";
				WRAPPER_EXTENSION = app;
			};
			name = Release;
		};
		AAA3EE1119481E0500A780A4 /* Debug */ = {
			isa = XCBuildConfiguration;
			buildSettings = {
				BUNDLE_LOADER = "$(BUILT_PRODUCTS_DIR)/Final Project.app/Final Project";
				FRAMEWORK_SEARCH_PATHS = (
					"$(SDKROOT)/Developer/Library/Frameworks",
					"$(inherited)",
					"$(DEVELOPER_FRAMEWORKS_DIR)",
				);
				GCC_PRECOMPILE_PREFIX_HEADER = YES;
				GCC_PREFIX_HEADER = "Final Project/Final Project-Prefix.pch";
				GCC_PREPROCESSOR_DEFINITIONS = (
					"DEBUG=1",
					"$(inherited)",
				);
				INFOPLIST_FILE = "Final ProjectTests/Final ProjectTests-Info.plist";
				PRODUCT_NAME = "$(TARGET_NAME)";
				TEST_HOST = "$(BUNDLE_LOADER)";
				WRAPPER_EXTENSION = xctest;
			};
			name = Debug;
		};
		AAA3EE1219481E0500A780A4 /* Release */ = {
			isa = XCBuildConfiguration;
			buildSettings = {
				BUNDLE_LOADER = "$(BUILT_PRODUCTS_DIR)/Final Project.app/Final Project";
				FRAMEWORK_SEARCH_PATHS = (
					"$(SDKROOT)/Developer/Library/Frameworks",
					"$(inherited)",
					"$(DEVELOPER_FRAMEWORKS_DIR)",
				);
				GCC_PRECOMPILE_PREFIX_HEADER = YES;
				GCC_PREFIX_HEADER = "Final Project/Final Project-Prefix.pch";
				INFOPLIST_FILE = "Final ProjectTests/Final ProjectTests-Info.plist";
				PRODUCT_NAME = "$(TARGET_NAME)";
				TEST_HOST = "$(BUNDLE_LOADER)";
				WRAPPER_EXTENSION = xctest;
			};
			name = Release;
		};
/* End XCBuildConfiguration section */

/* Begin XCConfigurationList section */
		AAA3EDD319481E0500A780A4 /* Build configuration list for PBXProject "Final Project" */ = {
			isa = XCConfigurationList;
			buildConfigurations = (
				AAA3EE0B19481E0500A780A4 /* Debug */,
				AAA3EE0C19481E0500A780A4 /* Release */,
			);
			defaultConfigurationIsVisible = 0;
			defaultConfigurationName = Release;
		};
		AAA3EE0D19481E0500A780A4 /* Build configuration list for PBXNativeTarget "Final Project" */ = {
			isa = XCConfigurationList;
			buildConfigurations = (
				AAA3EE0E19481E0500A780A4 /* Debug */,
				AAA3EE0F19481E0500A780A4 /* Release */,
			);
			defaultConfigurationIsVisible = 0;
		};
		AAA3EE1019481E0500A780A4 /* Build configuration list for PBXNativeTarget "Final ProjectTests" */ = {
			isa = XCConfigurationList;
			buildConfigurations = (
				AAA3EE1119481E0500A780A4 /* Debug */,
				AAA3EE1219481E0500A780A4 /* Release */,
			);
			defaultConfigurationIsVisible = 0;
		};
/* End XCConfigurationList section */
	};
	rootObject = AAA3EDD019481E0500A780A4 /* Project object */;
}
